
Microsoft Visual Studio Solution File, Format Version 12.00
Project("{FAE04EC0-301F-11D3-BF4B-00C04F79EFBC}") = "Hackathons", "Hackathons\Hackathons.csproj", "{BF220FD4-4DC2-4FC1-939B-BB0854D8840C}"
EndProject
Project("{2150E333-8FDC-42A3-9474-1A3956D46DE8}") = "Domain", "Domain", "{E2F5A3EC-68D5-4FCE-A406-0472C6F99970}"
EndProject
Project("{FAE04EC0-301F-11D3-BF4B-00C04F79EFBC}") = "Hackathons.Domain", "Hackathons.Domain\Hackathons.Domain.csproj", "{4D4A6F0E-E4F0-4045-A939-5D1CE01DCD22}"
EndProject
Project("{2150E333-8FDC-42A3-9474-1A3956D46DE8}") = "DAL", "DAL", "{EFDEBFE8-7D2D-42AD-A177-D6966231CA34}"
EndProject
Project("{FAE04EC0-301F-11D3-BF4B-00C04F79EFBC}") = "Hackathons.DAL", "Hackathons.DAL\Hackathons.DAL.csproj", "{B69F87B8-AFED-4C9A-A5FD-0240AB39E682}"
EndProject
Project("{2150E333-8FDC-42A3-9474-1A3956D46DE8}") = "API", "API", "{A144EA76-D00E-45DE-8F23-CB4BB8E8D0DE}"
EndProject
Project("{FAE04EC0-301F-11D3-BF4B-00C04F79EFBC}") = "Hackathons.API", "Hackathons.API\Hackathons.API.csproj", "{6202F825-3580-4A2A-9203-F1D541CFB64C}"
EndProject
Project("{2150E333-8FDC-42A3-9474-1A3956D46DE8}") = "Migrations", "Migrations", "{0EEC198B-A584-476F-A606-8D51A4E3B55C}"
EndProject
Project("{FAE04EC0-301F-11D3-BF4B-00C04F79EFBC}") = "Hackathons.Migrations", "Hackathons.Migrations\Hackathons.Migrations.csproj", "{1BB67F84-2948-4B72-BECF-818C440F0A5E}"
EndProject
Project("{2150E333-8FDC-42A3-9474-1A3956D46DE8}") = "Services", "Services", "{4C2DAF6B-82C1-4EC0-9C8E-3D9334AD369D}"
EndProject
Project("{FAE04EC0-301F-11D3-BF4B-00C04F79EFBC}") = "Hackathons.Services", "Hackathons.Services\Hackathons.Services.csproj", "{F732BB9B-A7D9-4162-A7F2-963203494507}"
EndProject
Global
	GlobalSection(SolutionConfigurationPlatforms) = preSolution
		Debug|Any CPU = Debug|Any CPU
		Release|Any CPU = Release|Any CPU
	EndGlobalSection
	GlobalSection(ProjectConfigurationPlatforms) = postSolution
		{BF220FD4-4DC2-4FC1-939B-BB0854D8840C}.Debug|Any CPU.ActiveCfg = Debug|Any CPU
		{BF220FD4-4DC2-4FC1-939B-BB0854D8840C}.Debug|Any CPU.Build.0 = Debug|Any CPU
		{BF220FD4-4DC2-4FC1-939B-BB0854D8840C}.Release|Any CPU.ActiveCfg = Release|Any CPU
		{BF220FD4-4DC2-4FC1-939B-BB0854D8840C}.Release|Any CPU.Build.0 = Release|Any CPU
		{4D4A6F0E-E4F0-4045-A939-5D1CE01DCD22}.Debug|Any CPU.ActiveCfg = Debug|Any CPU
		{4D4A6F0E-E4F0-4045-A939-5D1CE01DCD22}.Debug|Any CPU.Build.0 = Debug|Any CPU
		{4D4A6F0E-E4F0-4045-A939-5D1CE01DCD22}.Release|Any CPU.ActiveCfg = Release|Any CPU
		{4D4A6F0E-E4F0-4045-A939-5D1CE01DCD22}.Release|Any CPU.Build.0 = Release|Any CPU
		{B69F87B8-AFED-4C9A-A5FD-0240AB39E682}.Debug|Any CPU.ActiveCfg = Debug|Any CPU
		{B69F87B8-AFED-4C9A-A5FD-0240AB39E682}.Debug|Any CPU.Build.0 = Debug|Any CPU
		{B69F87B8-AFED-4C9A-A5FD-0240AB39E682}.Release|Any CPU.ActiveCfg = Release|Any CPU
		{B69F87B8-AFED-4C9A-A5FD-0240AB39E682}.Release|Any CPU.Build.0 = Release|Any CPU
		{6202F825-3580-4A2A-9203-F1D541CFB64C}.Debug|Any CPU.ActiveCfg = Debug|Any CPU
		{6202F825-3580-4A2A-9203-F1D541CFB64C}.Debug|Any CPU.Build.0 = Debug|Any CPU
		{6202F825-3580-4A2A-9203-F1D541CFB64C}.Release|Any CPU.ActiveCfg = Release|Any CPU
		{6202F825-3580-4A2A-9203-F1D541CFB64C}.Release|Any CPU.Build.0 = Release|Any CPU
		{1BB67F84-2948-4B72-BECF-818C440F0A5E}.Debug|Any CPU.ActiveCfg = Debug|Any CPU
		{1BB67F84-2948-4B72-BECF-818C440F0A5E}.Debug|Any CPU.Build.0 = Debug|Any CPU
		{1BB67F84-2948-4B72-BECF-818C440F0A5E}.Release|Any CPU.ActiveCfg = Release|Any CPU
		{1BB67F84-2948-4B72-BECF-818C440F0A5E}.Release|Any CPU.Build.0 = Release|Any CPU
		{F732BB9B-A7D9-4162-A7F2-963203494507}.Debug|Any CPU.ActiveCfg = Debug|Any CPU
		{F732BB9B-A7D9-4162-A7F2-963203494507}.Debug|Any CPU.Build.0 = Debug|Any CPU
		{F732BB9B-A7D9-4162-A7F2-963203494507}.Release|Any CPU.ActiveCfg = Release|Any CPU
		{F732BB9B-A7D9-4162-A7F2-963203494507}.Release|Any CPU.Build.0 = Release|Any CPU
	EndGlobalSection
	GlobalSection(NestedProjects) = preSolution
		{4D4A6F0E-E4F0-4045-A939-5D1CE01DCD22} = {E2F5A3EC-68D5-4FCE-A406-0472C6F99970}
		{B69F87B8-AFED-4C9A-A5FD-0240AB39E682} = {EFDEBFE8-7D2D-42AD-A177-D6966231CA34}
		{6202F825-3580-4A2A-9203-F1D541CFB64C} = {A144EA76-D00E-45DE-8F23-CB4BB8E8D0DE}
		{1BB67F84-2948-4B72-BECF-818C440F0A5E} = {0EEC198B-A584-476F-A606-8D51A4E3B55C}
		{F732BB9B-A7D9-4162-A7F2-963203494507} = {4C2DAF6B-82C1-4EC0-9C8E-3D9334AD369D}
	EndGlobalSection
EndGlobal
